
Microsoft Visual Studio Solution File, Format Version 12.00
# Visual Studio Version 16
VisualStudioVersion = 16.0.31112.23
MinimumVisualStudioVersion = 10.0.40219.1
Project("{FAE04EC0-301F-11D3-BF4B-00C04F79EFBC}") = "Website", "Website\Website.csproj", "{A81BF7B4-7032-46A4-B8C2-086A0EF05512}"
EndProject
Project("{FAE04EC0-301F-11D3-BF4B-00C04F79EFBC}") = "LibData", "LibData\LibData.csproj", "{5665BA1C-4C0A-4BBA-97B2-E4B4B75B50C2}"
EndProject
Global
	GlobalSection(SolutionConfigurationPlatforms) = preSolution
		Debug|Any CPU = Debug|Any CPU
		Release|Any CPU = Release|Any CPU
	EndGlobalSection
	GlobalSection(ProjectConfigurationPlatforms) = postSolution
		{A81BF7B4-7032-46A4-B8C2-086A0EF05512}.Debug|Any CPU.ActiveCfg = Debug|Any CPU
		{A81BF7B4-7032-46A4-B8C2-086A0EF05512}.Debug|Any CPU.Build.0 = Debug|Any CPU
		{A81BF7B4-7032-46A4-B8C2-086A0EF05512}.Release|Any CPU.ActiveCfg = Release|Any CPU
		{A81BF7B4-7032-46A4-B8C2-086A0EF05512}.Release|Any CPU.Build.0 = Release|Any CPU
		{5665BA1C-4C0A-4BBA-97B2-E4B4B75B50C2}.Debug|Any CPU.ActiveCfg = Debug|Any CPU
		{5665BA1C-4C0A-4BBA-97B2-E4B4B75B50C2}.Debug|Any CPU.Build.0 = Debug|Any CPU
		{5665BA1C-4C0A-4BBA-97B2-E4B4B75B50C2}.Release|Any CPU.ActiveCfg = Release|Any CPU
		{5665BA1C-4C0A-4BBA-97B2-E4B4B75B50C2}.Release|Any CPU.Build.0 = Release|Any CPU
	EndGlobalSection
	GlobalSection(SolutionProperties) = preSolution
		HideSolutionNode = FALSE
	EndGlobalSection
	GlobalSection(ExtensibilityGlobals) = postSolution
		SolutionGuid = {85C581C3-9C8D-41DF-8567-441EC91C9F75}
	EndGlobalSection
EndGlobal
